
Microsoft Visual Studio Solution File, Format Version 12.00
# Visual Studio Version 17
VisualStudioVersion = 17.0.31612.314
MinimumVisualStudioVersion = 10.0.40219.1
Project("{FAE04EC0-301F-11D3-BF4B-00C04F79EFBC}") = "RicherCode.Voyager3nPlus1.FunctionApp", "RicherCode.Voyager3nPlus1.FunctionApp\RicherCode.Voyager3nPlus1.FunctionApp.csproj", "{D0F680A5-A7A1-4BE2-A62E-ABA5E37228A1}"
EndProject
Global
	GlobalSection(SolutionConfigurationPlatforms) = preSolution
		Debug|Any CPU = Debug|Any CPU
		Release|Any CPU = Release|Any CPU
	EndGlobalSection
	GlobalSection(ProjectConfigurationPlatforms) = postSolution
		{D0F680A5-A7A1-4BE2-A62E-ABA5E37228A1}.Debug|Any CPU.ActiveCfg = Debug|Any CPU
		{D0F680A5-A7A1-4BE2-A62E-ABA5E37228A1}.Debug|Any CPU.Build.0 = Debug|Any CPU
		{D0F680A5-A7A1-4BE2-A62E-ABA5E37228A1}.Release|Any CPU.ActiveCfg = Release|Any CPU
		{D0F680A5-A7A1-4BE2-A62E-ABA5E37228A1}.Release|Any CPU.Build.0 = Release|Any CPU
	EndGlobalSection
	GlobalSection(SolutionProperties) = preSolution
		HideSolutionNode = FALSE
	EndGlobalSection
	GlobalSection(ExtensibilityGlobals) = postSolution
		SolutionGuid = {D31F4930-19AC-4E1A-B196-F69245CEB46B}
	EndGlobalSection
EndGlobal
